
Microsoft Visual Studio Solution File, Format Version 12.00
# Visual Studio 15
VisualStudioVersion = 15.0.27130.2036
MinimumVisualStudioVersion = 10.0.40219.1
Project("{9A19103F-16F7-4668-BE54-9A1E7A4F7556}") = "OctoParamsCounter", "OctoParamsCounter\OctoParamsCounter.csproj", "{092960B8-C311-4C89-8A3F-15972904AD06}"
EndProject
Project("{FAE04EC0-301F-11D3-BF4B-00C04F79EFBC}") = "Tests", "Tests\Tests.csproj", "{AD24CD1A-FABB-4C87-80C8-32ED1E6BE391}"
EndProject
Global
	GlobalSection(SolutionConfigurationPlatforms) = preSolution
		Debug|Any CPU = Debug|Any CPU
		Release|Any CPU = Release|Any CPU
	EndGlobalSection
	GlobalSection(ProjectConfigurationPlatforms) = postSolution
		{092960B8-C311-4C89-8A3F-15972904AD06}.Debug|Any CPU.ActiveCfg = Debug|Any CPU
		{092960B8-C311-4C89-8A3F-15972904AD06}.Debug|Any CPU.Build.0 = Debug|Any CPU
		{092960B8-C311-4C89-8A3F-15972904AD06}.Release|Any CPU.ActiveCfg = Release|Any CPU
		{092960B8-C311-4C89-8A3F-15972904AD06}.Release|Any CPU.Build.0 = Release|Any CPU
		{AD24CD1A-FABB-4C87-80C8-32ED1E6BE391}.Debug|Any CPU.ActiveCfg = Debug|Any CPU
		{AD24CD1A-FABB-4C87-80C8-32ED1E6BE391}.Debug|Any CPU.Build.0 = Debug|Any CPU
		{AD24CD1A-FABB-4C87-80C8-32ED1E6BE391}.Release|Any CPU.ActiveCfg = Release|Any CPU
		{AD24CD1A-FABB-4C87-80C8-32ED1E6BE391}.Release|Any CPU.Build.0 = Release|Any CPU
	EndGlobalSection
	GlobalSection(SolutionProperties) = preSolution
		HideSolutionNode = FALSE
	EndGlobalSection
	GlobalSection(ExtensibilityGlobals) = postSolution
		SolutionGuid = {5A2FFE4D-F6FB-496B-9DD0-74246EFAC9A8}
	EndGlobalSection
EndGlobal
